
Microsoft Visual Studio Solution File, Format Version 12.00
# Visual Studio 15
VisualStudioVersion = 15.0.26430.16
MinimumVisualStudioVersion = 10.0.40219.1
Project("{FAE04EC0-301F-11D3-BF4B-00C04F79EFBC}") = "ExamenFinal_Cine", "Semana13_2_AJAX_Cine\ExamenFinal_Cine.csproj", "{575D373E-5DCC-4E23-BFF4-878DDDEDD375}"
EndProject
Project("{FAE04EC0-301F-11D3-BF4B-00C04F79EFBC}") = "CoreCine", "CoreCine\CoreCine.csproj", "{63FDE457-7757-4A75-B6F2-7ABC2FF70029}"
EndProject
Global
	GlobalSection(SolutionConfigurationPlatforms) = preSolution
		Debug|Any CPU = Debug|Any CPU
		Release|Any CPU = Release|Any CPU
	EndGlobalSection
	GlobalSection(ProjectConfigurationPlatforms) = postSolution
		{575D373E-5DCC-4E23-BFF4-878DDDEDD375}.Debug|Any CPU.ActiveCfg = Debug|Any CPU
		{575D373E-5DCC-4E23-BFF4-878DDDEDD375}.Debug|Any CPU.Build.0 = Debug|Any CPU
		{575D373E-5DCC-4E23-BFF4-878DDDEDD375}.Release|Any CPU.ActiveCfg = Release|Any CPU
		{575D373E-5DCC-4E23-BFF4-878DDDEDD375}.Release|Any CPU.Build.0 = Release|Any CPU
		{63FDE457-7757-4A75-B6F2-7ABC2FF70029}.Debug|Any CPU.ActiveCfg = Debug|Any CPU
		{63FDE457-7757-4A75-B6F2-7ABC2FF70029}.Debug|Any CPU.Build.0 = Debug|Any CPU
		{63FDE457-7757-4A75-B6F2-7ABC2FF70029}.Release|Any CPU.ActiveCfg = Release|Any CPU
		{63FDE457-7757-4A75-B6F2-7ABC2FF70029}.Release|Any CPU.Build.0 = Release|Any CPU
	EndGlobalSection
	GlobalSection(SolutionProperties) = preSolution
		HideSolutionNode = FALSE
	EndGlobalSection
EndGlobal
